{
  "name": "crypto-browserify",
  "version": "3.12.0",
  "lockfileVersion": 1,
  "requires": true,
  "dependencies": {
    "browser-keygen": {
      "version": "1.0.5",
      "resolved": "https://registry.npmjs.org/browser-keygen/-/browser-keygen-1.0.5.tgz",
      "integrity": "sha512-WSKlsQ0iuk84eeLGs3wiaTans6yziJeCBvgTkkovCarY3YKhOa+TFQsyByhi1xtopTiv+6QKBaBRsROFU1MPtg=="
    }
  }
}
